version: 1
checksums:
  c5653612f9baf93a8535169b0754ac46:
    hello: 2754413a4ac0a419db3d57f3ea58009f
    instructions/logout: b3f07693160c48a5db4c729866663b39
    instructions/ok: 990775d689915e5a414ebf9fbd8c2cff
    instructions/close: 7d1cceb07aea2c7c8857c8dc88526d8d
    instructions/login: b9913c0baa2f3129e5713052606df6c5
    instructions/next: b6cb865e08d5cd1162a1de0eaba255b1
    instructions/back: c474c75b7fbde428acaa3603efc4c48b
    extras/at: 283efbed4531ccfd07485f60bd4b10f5
    extras/no: 12aa7b43fb937d20a223f52de5697bfa
    extras/yes: 26f170173f652828ab6612aac58441df
    extras/footer: 2a4dfa9b4564c3158df8f881c08c8a57
    extras/language: 21263c486dea5821cec563124e4fe2ae
    menus/home: 0078db10bf62e7d8b0c48dc01bbe4911
    menus/cashflow: 7a776d84414d67866f011203c1019353
    menus/apiDoc: 2154d74de34d258edf617fc4f4232475
    menus/apiTest: 0e0758a231e6b4a475bfe7b1adaea983
    menus/monitoring: c74a057ae453abfe861374cf72c534ff
    menus/ipAllowList: 54d08673694f082c3d10aa8b91978017
    menus/session: 5de17560e968115f93e1205fd72a783b
    menus/notifications: 44f7b442b15328585bde87425e0497f3
    exposure/button: 156c005d1865849be690dd48ddf356d0
    exposure/exposureUSD/title: 901d1f485fa50e9db49c92dd98f2b3d7
    exposure/exposureUSD/table/first-row/name: 1f6df3af31231e79640ffb1a2c31536e
    exposure/exposureUSD/table/first-row/values/value1: 6e964be584d52cf4c3394b23fb745b98
    exposure/exposureUSD/table/first-row/values/value2: 80e009140b586c5939a3b5d3e4cc1d6d
    exposure/exposureUSD/table/first-row/values/value3: ad2205b8a411d54c2edb1c4fd2bb7c7a
    exposure/exposureUSD/table/first-row/values/value4: 6d0cd4070e9c855fc51e4fd65639e009
    exposure/exposureUSD/table/first-row/values/value5: 942f2b6fdfd8ba91e95a622f9c6a1aa2
    exposure/exposureUSD/table/first-row/values/value6: 54f5eb8f0d48aa57bea53df3c98cca81
    exposure/exposureUSD/table/second-row/name: 0fb1bd530a447918761e90ef7dc3867b
    exposure/exposureUSD/table/second-row/values/value1: 1f6df3af31231e79640ffb1a2c31536e
    exposure/exposureUSD/table/second-row/values/value2: 1f6df3af31231e79640ffb1a2c31536e
    exposure/exposureUSD/table/second-row/values/value3: 674bce34f2be84f4563a80e9f47eaaaf
    exposure/exposureUSD/table/second-row/values/value4: d233da4e9ae1034e8a7f2a2fda3f8a1e
    exposure/exposureUSD/table/second-row/values/value5: 1f6df3af31231e79640ffb1a2c31536e
    exposure/exposureUSD/table/second-row/values/value6: 1f6df3af31231e79640ffb1a2c31536e
    exposure/exposureUSD/table/third-row/name: b18aa390b523695ee553f28af4f6ec97
    exposure/exposureUSD/table/third-row/values/value1: 1f6df3af31231e79640ffb1a2c31536e
    exposure/exposureUSD/table/third-row/values/value2: 1f6df3af31231e79640ffb1a2c31536e
    exposure/exposureUSD/table/third-row/values/value3: 26148f4623c4455f67bc85789dd0354f
    exposure/exposureUSD/table/third-row/values/value4: 1f6df3af31231e79640ffb1a2c31536e
    exposure/exposureUSD/table/third-row/values/value5: 1f6df3af31231e79640ffb1a2c31536e
    exposure/exposureUSD/table/third-row/values/value6: 1f6df3af31231e79640ffb1a2c31536e
    exposure/exposureUSD/table/fourth-row/name: a6aa42f82ef49f5a6940f935ef5a8a3d
    exposure/exposureUSD/table/fourth-row/values/value1: 680f7639d6def9a224135b5a2512ebf3
    exposure/exposureUSD/table/fourth-row/values/value2: 680f7639d6def9a224135b5a2512ebf3
    exposure/exposureUSD/table/fourth-row/values/value3: 070b9cec4ca9d874920d5aadd0523f5c
    exposure/exposureUSD/table/fourth-row/values/value4: d233da4e9ae1034e8a7f2a2fda3f8a1e
    exposure/exposureUSD/table/fourth-row/values/value5: 680f7639d6def9a224135b5a2512ebf3
    exposure/exposureUSD/table/fourth-row/values/value6: 680f7639d6def9a224135b5a2512ebf3
    exposure/exposureUSD/table/fifth-row/name: 16daa020f3a2f3ed4857c1dbb7f62350
    exposure/exposureUSD/table/fifth-row/values/value1: d233da4e9ae1034e8a7f2a2fda3f8a1e
    exposure/exposureUSD/table/fifth-row/values/value2: 1364cf85a9926c0eead15683a48657ba
    exposure/exposureUSD/table/fifth-row/values/value3: 1f6df3af31231e79640ffb1a2c31536e
    exposure/exposureUSD/table/fifth-row/values/value4: 1f6df3af31231e79640ffb1a2c31536e
    exposure/exposureUSD/table/fifth-row/values/value5: 1f6df3af31231e79640ffb1a2c31536e
    exposure/exposureUSD/table/fifth-row/values/value6: 1f6df3af31231e79640ffb1a2c31536e
    exposure/exposureUSD/table/sixth-row/name: d3301ebbf00467387ec9c7b86633ba0c
    exposure/exposureUSD/table/sixth-row/values/value1: 070b9cec4ca9d874920d5aadd0523f5c
    exposure/exposureUSD/table/sixth-row/values/value2: 007230c055b16c7929cf9bb4994aefd8
    exposure/exposureUSD/table/sixth-row/values/value3: 1f6df3af31231e79640ffb1a2c31536e
    exposure/exposureUSD/table/sixth-row/values/value4: 1f6df3af31231e79640ffb1a2c31536e
    exposure/exposureUSD/table/sixth-row/values/value5: 1f6df3af31231e79640ffb1a2c31536e
    exposure/exposureUSD/table/sixth-row/values/value6: 1f6df3af31231e79640ffb1a2c31536e
    exposure/exposureUSD/table/seventh-row/name: 0c709ab407480e1220c00ff5f8dd3f45
    exposure/exposureUSD/table/seventh-row/values/value1: f636dc4c84bbe36491e1b3cae15fcf62
    exposure/exposureUSD/table/seventh-row/values/value2: 1f6df3af31231e79640ffb1a2c31536e
    exposure/exposureUSD/table/seventh-row/values/value3: 1f6df3af31231e79640ffb1a2c31536e
    exposure/exposureUSD/table/seventh-row/values/value4: 1f6df3af31231e79640ffb1a2c31536e
    exposure/exposureUSD/table/seventh-row/values/value5: 1f6df3af31231e79640ffb1a2c31536e
    exposure/exposureUSD/table/seventh-row/values/value6: 1f6df3af31231e79640ffb1a2c31536e
    exposure/exposureUSD/table/eighth-row/name: 533c5996872096d88e03a733424f30cd
    exposure/exposureUSD/table/eighth-row/values/value1: 6ce22fab13e5d986d8670f15ca2ba72b
    exposure/exposureUSD/table/eighth-row/values/value2: 1f6df3af31231e79640ffb1a2c31536e
    exposure/exposureUSD/table/eighth-row/values/value3: 1f6df3af31231e79640ffb1a2c31536e
    exposure/exposureUSD/table/eighth-row/values/value4: 1f6df3af31231e79640ffb1a2c31536e
    exposure/exposureUSD/table/eighth-row/values/value5: 1f6df3af31231e79640ffb1a2c31536e
    exposure/exposureUSD/table/eighth-row/values/value6: 1f6df3af31231e79640ffb1a2c31536e
    hedging/title: 7afdb2fb7568a8a6f9df5c2a9e606255
    hedging/table/first-row/name: b8a13cc4687b881fdcd90d8543acfeef
    hedging/table/first-row/values/value1: 9aafa321420ae143428320a24fcc2dea
    hedging/table/first-row/values/value2: 1f6df3af31231e79640ffb1a2c31536e
    hedging/table/first-row/values/value3: 1f6df3af31231e79640ffb1a2c31536e
    hedging/table/first-row/values/value4: 1f6df3af31231e79640ffb1a2c31536e
    hedging/table/first-row/values/value5: 1f6df3af31231e79640ffb1a2c31536e
    hedging/table/first-row/values/value6: 1f6df3af31231e79640ffb1a2c31536e
    hedging/table/second-row/name: e7ac6f257956e1eb3971fff8bb203555
    hedging/table/second-row/values/value1: 1cb90ccbd25b1b2d31a2ae835f4e3ffb
    hedging/table/second-row/values/value2: 0710c8cc831f04c7ceb33fe33ef30ebb
    hedging/table/second-row/values/value3: 6e964be584d52cf4c3394b23fb745b98
    hedging/table/second-row/values/value4: 80e009140b586c5939a3b5d3e4cc1d6d
    hedging/table/second-row/values/value5: ad2205b8a411d54c2edb1c4fd2bb7c7a
    hedging/table/second-row/values/value6: 6d0cd4070e9c855fc51e4fd65639e009
    hedging/table/third-row/name: dc6dbe71bbe0d4be828d8b388befa7d1
    hedging/table/third-row/values/value1: 1f6df3af31231e79640ffb1a2c31536e
    hedging/table/third-row/values/value2: 1f6df3af31231e79640ffb1a2c31536e
    hedging/table/third-row/values/value3: 1f6df3af31231e79640ffb1a2c31536e
    hedging/table/third-row/values/value4: 9aafa321420ae143428320a24fcc2dea
    hedging/table/third-row/values/value5: 680f7639d6def9a224135b5a2512ebf3
    hedging/table/third-row/values/value6: 1f6df3af31231e79640ffb1a2c31536e
    hedging/table/fourth-row/name: 8af6e01380a14bbf8af1d926670b1b8a
    hedging/table/fourth-row/values/value1: 680f7639d6def9a224135b5a2512ebf3
    hedging/table/fourth-row/values/value2: 1f6df3af31231e79640ffb1a2c31536e
    hedging/table/fourth-row/values/value3: dad824624b5e32e76e93a6ecdd27cc6a
    hedging/table/fourth-row/values/value4: 1f6df3af31231e79640ffb1a2c31536e
    hedging/table/fourth-row/values/value5: 1f6df3af31231e79640ffb1a2c31536e
    hedging/table/fourth-row/values/value6: 1f6df3af31231e79640ffb1a2c31536e
    hedging/table/fifth-row/name: 7e6f63f394957a1422bb1c37383fa87b
    hedging/table/fifth-row/values/value1: 680f7639d6def9a224135b5a2512ebf3
    hedging/table/fifth-row/values/value2: 680f7639d6def9a224135b5a2512ebf3
    hedging/table/fifth-row/values/value3: 147ccaf27d180efe801c1ed6db18df9b
    hedging/table/fifth-row/values/value4: 68f48813072709a5578a77368cb6eaee
    hedging/table/fifth-row/values/value5: 680f7639d6def9a224135b5a2512ebf3
    hedging/table/fifth-row/values/value6: 680f7639d6def9a224135b5a2512ebf3
    hedging/table/sixth-row/name: 48f786507133c897ff4b9ce1d3712814
    hedging/table/sixth-row/values/value1: 2cc99439e1cb2054981a5d04fac47e12
    hedging/table/sixth-row/values/value2: 1f6df3af31231e79640ffb1a2c31536e
    hedging/table/sixth-row/values/value3: 1f6df3af31231e79640ffb1a2c31536e
    hedging/table/sixth-row/values/value4: 1f6df3af31231e79640ffb1a2c31536e
    hedging/table/sixth-row/values/value5: 1f6df3af31231e79640ffb1a2c31536e
    hedging/table/sixth-row/values/value6: 1f6df3af31231e79640ffb1a2c31536e
    hedging/table/seventh-row/name: 8c80f8d405f30afab303d42e7249758f
    hedging/table/seventh-row/values/value1: 9e16bfc5e772b362a6bd6382b658c2ea
    hedging/table/seventh-row/values/value2: 1f6df3af31231e79640ffb1a2c31536e
    hedging/table/seventh-row/values/value3: 1f6df3af31231e79640ffb1a2c31536e
    hedging/table/seventh-row/values/value4: 1f6df3af31231e79640ffb1a2c31536e
    hedging/table/seventh-row/values/value5: 1f6df3af31231e79640ffb1a2c31536e
    hedging/table/seventh-row/values/value6: 1f6df3af31231e79640ffb1a2c31536e
    hedging/table/eighth-row/name: 17d61bcc812cce79759c6e2d61d28e5b
    hedging/table/eighth-row/values/value1: 7aa385ccda6612b8d6d50027d611e580
    hedging/table/eighth-row/values/value2: 1f6df3af31231e79640ffb1a2c31536e
    hedging/table/eighth-row/values/value3: 1f6df3af31231e79640ffb1a2c31536e
    hedging/table/eighth-row/values/value4: 1f6df3af31231e79640ffb1a2c31536e
    hedging/table/eighth-row/values/value5: 1f6df3af31231e79640ffb1a2c31536e
    hedging/table/eighth-row/values/value6: 1f6df3af31231e79640ffb1a2c31536e
    cashFlow/inputPlaceHolder: eace0edd36a1577d23e2661bc91570b4
    cashFlow/import: c04660383151cfbf53918f1f4798d202
    cashFlow/export: 80ccbcbae48ddc6ff25eae7de1f1a993
    cashFlow/table/deadline: e7ac6f257956e1eb3971fff8bb203555
    cashFlow/table/moneyOut: 776b7ac6f41cdf7e1f4f7057c05c583b
    cashFlow/table/moneyIn: 044f84aead16b47b877f2caa4846f246
    toolbar/empresaTrading: 7151c30ae039cf40f3b44afe986d74df
    toolbar/timeZone: f8bdcb800fd0a8ac3e8bb3d2a5f2d108
    toolbar/title: 26172ca946ab8f7a14e529535bcad511
    toolbar/errorMessage: f3a22afcb9a20d6d47e52ae9b905533c
    home/title: 67f7454d441f213025aab4a72588ba05
    home/liquidityAlerts: b29018308828b1b06e1ec4211854a694
    home/lastTwentyFourHours: b62cb77b2930d0c1edeae79caad11232
    home/apiSummary: 8565a67d5e88dd27deef06883446446c
    home/requests: aeee2332de1bedb42347284b60877124
    home/copiedApikey: 778853a8e88b44fbec242ef479fd1bf2
    home/apikey: 663b4377d94a63b37fecdb98f5f7d449
    home/confirmationMessage: 8ca66dfa55a082726e874b7efe80d669
    home/tlsSummary/title: 1a1c75358e3af447d8836e03151e9796
    home/tlsSummary/certificates/title: d06a39fb0f27b53b4e414b01dae1f449
    home/tlsSummary/certificates/addCertificate: c2cee95ac8ec18c99994f6d6ec09515f
    home/tlsSummary/certificates/active: 5477dd888564c5560927e626a6cc32db
    home/tlsSummary/certificates/inactive: b1ba30bd8b3ac03808f3b27f10a920a3
    home/tlsSummary/certificates/status: 4e1fcce15854d824919b4a582c697c90
    home/tlsSummary/certificates/cname: bb5648557961d48b9ca05ab34e01ce57
    home/tlsSummary/certificates/serialNumber: 97951c191ea84157862c48fe27f61110
    home/tlsSummary/certificates/lastConnection: 412891a57bf323bf697c6d143a8cb1f0
    home/tlsSummary/certificates/certificateCreation: f8bc51df0728459e9fce7c405bb68a64
    home/tlsSummary/certificates/expiration: 6e2fb8fbb454bd265dee15ac64dfc5e4
    home/tlsSummary/certificates/download: eca09d1de7fc5a3c95dfcd5a19e83606
    home/donut/critical: 45cf43c51dc2af9762600b448df438a8
    home/donut/warning: 16cc36add93a766e7164108b1600e503
    home/donut/noAlerts: 82efccb206a45f5ef65169a7c66c0896
    requestHelp/requestHelp: e1906641c7243811e0e89d5ca29f8010
    requestHelp/greeting: 5559fd4b109bd13c736d5bbbe7579a0e
    requestHelp/instruction: 09252f471bf932322f4b92b73744b6c1
    requestHelp/sendEmail/title: ec9fe129ce5e1c3ea4a37afd87408e6b
    requestHelp/sendEmail/btnText: cd57fa34cee124a1851b7438f9051b13
    requestHelp/helpTicket/title: 57e42032b44cb670f24ca01720f0631e
    requestHelp/helpTicket/description: 335c4d754efbac058d2d81defba8e6c3
    requestHelp/helpTicket/btnText: f94221edd8318bcbd823945de58ce3df
    requestHelp/liveChat/title: 4e1db7dff9c171d9f22c0468f16080d9
    requestHelp/liveChat/btnText: 0f8c3aef79654331980549a3ae67952a
    landing/title: 26172ca946ab8f7a14e529535bcad511
    landing/description/descriptionOne: 3a17bba6103f1ddf760b4193e68a3075
    landing/description/descriptionTwo: 1f6df3af31231e79640ffb1a2c31536e
    landing/algoRfqConsole/title: 56d3f6277afb1b4629d5eccf21eb32c8
    landing/algoRfqConsole/description/descriptionOne: 6ffaff9bd2e16eaca02a48c65142fb03
    landing/algoRfqConsole/description/descriptionTwo: 1f6df3af31231e79640ffb1a2c31536e
    landing/simplifyDevelopment/title: 77032de9826eafacdf346be2c2573b91
    landing/simplifyDevelopment/description/descriptionOne: d2f48b4de0f66ba64ca222e2a493773e
    landing/simplifyDevelopment/description/descriptionTwo: 1f6df3af31231e79640ffb1a2c31536e
    landing/secureConnectivity/title: 12a4cd8d781cfde6eca224b720c6c3ee
    landing/secureConnectivity/description/descriptionOne: 97dace52b95890c79e76646ddf9b4ce1
    landing/secureConnectivity/description/descriptionTwo: 1f6df3af31231e79640ffb1a2c31536e
    login/title: f4f219abeb5a465ecb1c7efaf50246de
    login/description/descriptionOne: 73b32e0261a2f84afe12cd2ef89259bf
    login/description/descriptionTwo: 560689c9631a976a06c5805f4aa0a3c2
    login/description/descriptionThree: e08b81634dcc3e8c6ebdd78f73394dce
    login/corporateEmail: 3b973a00280f33055ebaeae2e833b923
    login/password: b73a2360e0fb030a740f483fb6f287fb
    login/authenticationFail: e2fb0af388605f62189c558b0b4e736c
    notFound/title: 5180915411f757daa2cb7fd13d265a6b
    notFound/descriptionOne: 619f5c281104671b944a0f000cf551e5
    notFound/descriptionTwo: 4ebcda4478e1ab2ea9b8a66e2d696619
    notFound/descriptionThree: b0f72d60ac93a47ab122e60fe7df20f4
    notFound/apologies: cea1a735195d4b9135a9e9a97b9d6f53
